
Microsoft Visual Studio Solution File, Format Version 12.00
# Visual Studio Version 16
VisualStudioVersion = 16.0.30413.136
MinimumVisualStudioVersion = 10.0.40219.1
Project("{FAE04EC0-301F-11D3-BF4B-00C04F79EFBC}") = "FastDic.Android", "FastDic\FastDic.Android\FastDic.Android.csproj", "{66DABEA6-3A1B-47F1-BF12-5E98F9BFD83A}"
EndProject
Project("{FAE04EC0-301F-11D3-BF4B-00C04F79EFBC}") = "FastDic.iOS", "FastDic\FastDic.iOS\FastDic.iOS.csproj", "{058CFB47-7C88-48DA-A379-7E027B927639}"
EndProject
Project("{FAE04EC0-301F-11D3-BF4B-00C04F79EFBC}") = "FastDic", "FastDic\FastDic\FastDic.csproj", "{667CE20A-26C5-4886-8604-1F60F4D9E304}"
EndProject
Global
	GlobalSection(SolutionConfigurationPlatforms) = preSolution
		Debug|Any CPU = Debug|Any CPU
		Debug|iPhone = Debug|iPhone
		Debug|iPhoneSimulator = Debug|iPhoneSimulator
		Release|Any CPU = Release|Any CPU
		Release|iPhone = Release|iPhone
		Release|iPhoneSimulator = Release|iPhoneSimulator
	EndGlobalSection
	GlobalSection(ProjectConfigurationPlatforms) = postSolution
		{66DABEA6-3A1B-47F1-BF12-5E98F9BFD83A}.Debug|Any CPU.ActiveCfg = Debug|Any CPU
		{66DABEA6-3A1B-47F1-BF12-5E98F9BFD83A}.Debug|Any CPU.Build.0 = Debug|Any CPU
		{66DABEA6-3A1B-47F1-BF12-5E98F9BFD83A}.Debug|Any CPU.Deploy.0 = Debug|Any CPU
		{66DABEA6-3A1B-47F1-BF12-5E98F9BFD83A}.Debug|iPhone.ActiveCfg = Debug|Any CPU
		{66DABEA6-3A1B-47F1-BF12-5E98F9BFD83A}.Debug|iPhone.Build.0 = Debug|Any CPU
		{66DABEA6-3A1B-47F1-BF12-5E98F9BFD83A}.Debug|iPhone.Deploy.0 = Debug|Any CPU
		{66DABEA6-3A1B-47F1-BF12-5E98F9BFD83A}.Debug|iPhoneSimulator.ActiveCfg = Debug|Any CPU
		{66DABEA6-3A1B-47F1-BF12-5E98F9BFD83A}.Debug|iPhoneSimulator.Build.0 = Debug|Any CPU
		{66DABEA6-3A1B-47F1-BF12-5E98F9BFD83A}.Debug|iPhoneSimulator.Deploy.0 = Debug|Any CPU
		{66DABEA6-3A1B-47F1-BF12-5E98F9BFD83A}.Release|Any CPU.ActiveCfg = Release|Any CPU
		{66DABEA6-3A1B-47F1-BF12-5E98F9BFD83A}.Release|Any CPU.Build.0 = Release|Any CPU
		{66DABEA6-3A1B-47F1-BF12-5E98F9BFD83A}.Release|Any CPU.Deploy.0 = Release|Any CPU
		{66DABEA6-3A1B-47F1-BF12-5E98F9BFD83A}.Release|iPhone.ActiveCfg = Release|Any CPU
		{66DABEA6-3A1B-47F1-BF12-5E98F9BFD83A}.Release|iPhone.Build.0 = Release|Any CPU
		{66DABEA6-3A1B-47F1-BF12-5E98F9BFD83A}.Release|iPhone.Deploy.0 = Release|Any CPU
		{66DABEA6-3A1B-47F1-BF12-5E98F9BFD83A}.Release|iPhoneSimulator.ActiveCfg = Release|Any CPU
		{66DABEA6-3A1B-47F1-BF12-5E98F9BFD83A}.Release|iPhoneSimulator.Build.0 = Release|Any CPU
		{66DABEA6-3A1B-47F1-BF12-5E98F9BFD83A}.Release|iPhoneSimulator.Deploy.0 = Release|Any CPU
		{058CFB47-7C88-48DA-A379-7E027B927639}.Debug|Any CPU.ActiveCfg = Debug|iPhone
		{058CFB47-7C88-48DA-A379-7E027B927639}.Debug|Any CPU.Build.0 = Debug|iPhone
		{058CFB47-7C88-48DA-A379-7E027B927639}.Debug|Any CPU.Deploy.0 = Debug|iPhone
		{058CFB47-7C88-48DA-A379-7E027B927639}.Debug|iPhone.ActiveCfg = Debug|iPhone
		{058CFB47-7C88-48DA-A379-7E027B927639}.Debug|iPhone.Build.0 = Debug|iPhone
		{058CFB47-7C88-48DA-A379-7E027B927639}.Debug|iPhone.Deploy.0 = Debug|iPhone
		{058CFB47-7C88-48DA-A379-7E027B927639}.Debug|iPhoneSimulator.ActiveCfg = Debug|iPhoneSimulator
		{058CFB47-7C88-48DA-A379-7E027B927639}.Debug|iPhoneSimulator.Build.0 = Debug|iPhoneSimulator
		{058CFB47-7C88-48DA-A379-7E027B927639}.Debug|iPhoneSimulator.Deploy.0 = Debug|iPhoneSimulator
		{058CFB47-7C88-48DA-A379-7E027B927639}.Release|Any CPU.ActiveCfg = Release|iPhone
		{058CFB47-7C88-48DA-A379-7E027B927639}.Release|Any CPU.Build.0 = Release|iPhone
		{058CFB47-7C88-48DA-A379-7E027B927639}.Release|Any CPU.Deploy.0 = Release|iPhone
		{058CFB47-7C88-48DA-A379-7E027B927639}.Release|iPhone.ActiveCfg = Release|iPhone
		{058CFB47-7C88-48DA-A379-7E027B927639}.Release|iPhone.Build.0 = Release|iPhone
		{058CFB47-7C88-48DA-A379-7E027B927639}.Release|iPhone.Deploy.0 = Release|iPhone
		{058CFB47-7C88-48DA-A379-7E027B927639}.Release|iPhoneSimulator.ActiveCfg = Release|iPhoneSimulator
		{058CFB47-7C88-48DA-A379-7E027B927639}.Release|iPhoneSimulator.Build.0 = Release|iPhoneSimulator
		{058CFB47-7C88-48DA-A379-7E027B927639}.Release|iPhoneSimulator.Deploy.0 = Release|iPhoneSimulator
		{667CE20A-26C5-4886-8604-1F60F4D9E304}.Debug|Any CPU.ActiveCfg = Debug|Any CPU
		{667CE20A-26C5-4886-8604-1F60F4D9E304}.Debug|Any CPU.Build.0 = Debug|Any CPU
		{667CE20A-26C5-4886-8604-1F60F4D9E304}.Debug|Any CPU.Deploy.0 = Debug|Any CPU
		{667CE20A-26C5-4886-8604-1F60F4D9E304}.Debug|iPhone.ActiveCfg = Debug|Any CPU
		{667CE20A-26C5-4886-8604-1F60F4D9E304}.Debug|iPhone.Build.0 = Debug|Any CPU
		{667CE20A-26C5-4886-8604-1F60F4D9E304}.Debug|iPhone.Deploy.0 = Debug|Any CPU
		{667CE20A-26C5-4886-8604-1F60F4D9E304}.Debug|iPhoneSimulator.ActiveCfg = Debug|Any CPU
		{667CE20A-26C5-4886-8604-1F60F4D9E304}.Debug|iPhoneSimulator.Build.0 = Debug|Any CPU
		{667CE20A-26C5-4886-8604-1F60F4D9E304}.Debug|iPhoneSimulator.Deploy.0 = Debug|Any CPU
		{667CE20A-26C5-4886-8604-1F60F4D9E304}.Release|Any CPU.ActiveCfg = Release|Any CPU
		{667CE20A-26C5-4886-8604-1F60F4D9E304}.Release|Any CPU.Build.0 = Release|Any CPU
		{667CE20A-26C5-4886-8604-1F60F4D9E304}.Release|Any CPU.Deploy.0 = Release|Any CPU
		{667CE20A-26C5-4886-8604-1F60F4D9E304}.Release|iPhone.ActiveCfg = Release|Any CPU
		{667CE20A-26C5-4886-8604-1F60F4D9E304}.Release|iPhone.Build.0 = Release|Any CPU
		{667CE20A-26C5-4886-8604-1F60F4D9E304}.Release|iPhone.Deploy.0 = Release|Any CPU
		{667CE20A-26C5-4886-8604-1F60F4D9E304}.Release|iPhoneSimulator.ActiveCfg = Release|Any CPU
		{667CE20A-26C5-4886-8604-1F60F4D9E304}.Release|iPhoneSimulator.Build.0 = Release|Any CPU
		{667CE20A-26C5-4886-8604-1F60F4D9E304}.Release|iPhoneSimulator.Deploy.0 = Release|Any CPU
	EndGlobalSection
	GlobalSection(SolutionProperties) = preSolution
		HideSolutionNode = FALSE
	EndGlobalSection
	GlobalSection(ExtensibilityGlobals) = postSolution
		SolutionGuid = {30C7EA06-0465-47E2-96C4-D9DEB2438B44}
	EndGlobalSection
EndGlobal
